{
  "version": 4,
  "terraform_version": "1.8.4",
  "serial": 52,
  "lineage": "a2d1b855-631f-bf49-f2bb-a69602695b30",
  "outputs": {
    "linux_virtual_machine_ips": {
      "value": [
        [
          "13.90.142.18"
        ],
        [
          "40.71.178.235"
        ]
      ],
      "type": [
        "tuple",
        [
          [
            "tuple",
            [
              "string"
            ]
          ],
          [
            "tuple",
            [
              "string"
            ]
          ]
        ]
      ]
    },
    "linux_virtual_machine_names": {
      "value": [
        [
          "acmeVM1"
        ],
        [
          "acmeVM2"
        ]
      ],
      "type": [
        "tuple",
        [
          [
            "tuple",
            [
              "string"
            ]
          ],
          [
            "tuple",
            [
              "string"
            ]
          ]
        ]
      ]
    },
    "resource_group_name": {
      "value": "rg-allowed-hen",
      "type": "string"
    },
    "subnet_name": {
      "value": "acme-subnet",
      "type": "string"
    },
    "virtual_network_name": {
      "value": "acme-vnet",
      "type": "string"
    }
  },
  "resources": [
    {
      "mode": "managed",
      "type": "azapi_resource",
      "name": "ssh_public_key",
      "provider": "provider[\"registry.terraform.io/azure/azapi\"]",
      "instances": [
        {
          "schema_version": 1,
          "attributes": {
            "body": {
              "value": "{}",
              "type": "string"
            },
            "id": "/subscriptions/d72a06ed-d984-410d-bd0d-af6a4ca4ceaa/resourceGroups/rg-allowed-hen/providers/Microsoft.Compute/sshPublicKeys/sshequippedsturgeon",
            "identity": [],
            "ignore_body_changes": null,
            "ignore_casing": false,
            "ignore_missing_property": true,
            "location": "eastus",
            "locks": null,
            "name": "sshequippedsturgeon",
            "output": {
              "value": "{}",
              "type": "string"
            },
            "parent_id": "/subscriptions/d72a06ed-d984-410d-bd0d-af6a4ca4ceaa/resourceGroups/rg-allowed-hen",
            "removing_special_chars": false,
            "response_export_values": null,
            "schema_validation_enabled": true,
            "tags": null,
            "timeouts": null,
            "type": "Microsoft.Compute/sshPublicKeys@2022-11-01"
          },
          "sensitive_attributes": [],
          "dependencies": [
            "azurerm_resource_group.rg",
            "random_pet.rg_name",
            "random_pet.ssh_key_name"
          ]
        }
      ]
    },
    {
      "mode": "managed",
      "type": "azapi_resource_action",
      "name": "ssh_public_key_gen",
      "provider": "provider[\"registry.terraform.io/azure/azapi\"]",
      "instances": [
        {
          "schema_version": 1,
          "attributes": {
            "action": "generateKeyPair",
            "body": null,
            "id": "/subscriptions/d72a06ed-d984-410d-bd0d-af6a4ca4ceaa/resourceGroups/rg-allowed-hen/providers/Microsoft.Compute/sshPublicKeys/sshequippedsturgeon/generateKeyPair",
            "locks": null,
            "method": "POST",
            "output": {
              "value": {
                "privateKey": "-----BEGIN RSA PRIVATE KEY-----\r\nMIIG4wIBAAKCAYEA2SvdC60vUo3sYzNV46iQNH5rJkJVlQ6Ro+5A/il0ha+6bSVG\r\nxFij4NdDocgVWVaawSuJTHMplc6TLbEojvNXF0c6WBs36IzZd7HaWwybWZyCqubS\r\nzECXXIBb2+ulBLXHkMUkCD7yKzITqDBHtdU6ec2krAlFsRgGJvcr2iufKI6QNX7q\r\n2mtL2UssOuJDkJHcE4nsiL1dikZCHGkYC3iQI98TaIMlCxA6Cxls9CISkZ4CJ+AG\r\nMk2Ef23RBZ53VWGS4g6U2oFDsJ+nzV5PaQl8IoXvCu+sBtWAR/AvanBi+eWARtn3\r\n7diPn4Kie1M/VmhUuICOP9Sm8lnWo+2rZEC9h+zuNF7Q5xZK8ysG61ec8WNVOWt3\r\nIDOIBO9TjuIl1Ha+JxPJTZf3yxRFkYcGT99F/Ebilotr9ZRtARgG+ZiZf6zTfgmU\r\nDXECak93JVdizbAqTWtoQAjcwty9RkS27/2P6tNNxqWXq2PlZRMek8A6+yjuNm7e\r\n+pUn+ER/w14rnpzpAgMBAAECggGBANA4kjPD1P+eO+vRKKSi1cC/BRUlvNCxq0o2\r\nAfKu5J3ZIzHK79MJ+fZ17s6K/I0v0CkuCPJX6KNN8Sd6GJ0XC4WyMWqQjkZV5Zwx\r\n1l499CUzPsWFks9rjrSODYUKpqmhcLqJikats5te5CH6SIc67loipaSdL0jg8+Ug\r\nT9daw7srFXF1QtAw2AR7YukCUC2o7A1/zF4+0hTl0DVVPkyhR/JczEsEktvMrxo9\r\nQo3ArXUYvpBk5wwL7uIO9L4ideBTL7FtI0Uz9p54cmOWgClrA9JpIPozg+5X4QkY\r\njfCl7nOCcD/CDKPOqHqtrAMHaJ+txR1doBhaRG6FLr/4qxcOzk711eg5DK579W/D\r\nnZfihf/FrwVNc3VH2AOF6Ida1uA1jnSq9LKnhWILdPLkznC4JjDYAOegIJSjtzpC\r\nKCnXUHTcK1/gQ7icqkSXLO0GxORgbR/sc8rhf7EWbRDTqLZerv4Ur7bu9YrhtcIp\r\ns7gfj8eWafSTzUM+mAzqdhztv7mb0QKBwQDl/WgO9l2f7v6y8NM8eUzfrRxcRDEB\r\nHqP/caX3m952Z7DMWrw9CscaIHB6RbpfUiQ90IWSslOUZhf6ba+7EamEuUoAQFLf\r\nY568gWsRiAu+Sr1U1dHf/g8WbyymmWmVO4Z2/RNQ9ZV0ImnF46oFedDgUfkFP98d\r\nd9FNoEz9IsuuCjg8vN1l+b4QLVX5WiexrHVDWMmyLa9ku/95vowVHVvjJDZxJUpg\r\nWCn8ZWS80jM4SnH3prDDDGRGjustxmqICmsCgcEA8btWzDKSrtWE/YOmL76PIIGw\r\nTLXR8I/2qb6icTvOzZI7F0Z0da7zCGoBsuGidyJLWwM4lGL0NYv7AMDQXMuEmNnU\r\nFx2kJjPBudPw+ApGgP59znfq9KU2IqQmhwN3cpAtEeCqnyhGbw9b8NHAOuuleQyN\r\nIs0njxpLbutfQ6DuYNySX5RvgCQgm+ZQziwPFH8Y6yLBAeXCZ2iAfrS0IKSiZwC6\r\nj2hcT5h3D/aYgYombzohREAZIh8RpE2tt0L+erL7AoHAcx9+iAbQZK84NRARXLMH\r\nROudR54mvX29767Oufv+xlwvBovgr9mGQlC8nKfsm6w9UefgBMdYyO61z/g5v7Ue\r\nmr45CZkpIoL2QTuzAYqM/krhLOb+8FV27e7mddpTHI04SLVzhtH3ZrOXKKRGRglt\r\nAexmbzdCkriYP3gfMZLKS6r37YdId7QkbGqVH4T+W5SM+hImnBb8NbtZLXKxIhyZ\r\nE0DcM5TL/yACnEGQxGeflezF0YZR8sBwLVV66WXpi4FTAoG/Rd/hNyVnQSJ3TtC/\r\nOQ3cUYkrbQEhrmfu5SI10oV3QfUDH7c98safec8qroqKa+V94tELidkQvmm4JH+X\r\nuzsZGRXeONBYorJTTWP2Q7y0pJTryMLhJ9aZz2mjuWNHI9aJMKHAsED0GyZVbUc0\r\nSdPUASmfom+q/7KaG3XuE55xSY54wSgnEuNeibIJqY8SzNnwWgexwtqnVzzd58JU\r\nTxtH1n5fbxS7mkZ4JCUj8E3+zif/dbsRiMtyTgwmKtMyvEUCgcEAso3xAnqyIC14\r\nEnU2j0ep+2n/2y2dE8s5RW4EJfMvDYOF2o42CfH8y2zkP8CgJ1K+50j1jGT633Wp\r\nDm58+IG6/re+UR90yFuJpIW5RBlsoTC29xBC6k8mg8FnfX9DDRB0AqntIeJ5Jh9/\r\n7aivKpVYr2ChdSzkaKu58NKAzq/WonmKmecU0Byas1HtT4+UswWwWZ2hzIzhkb4d\r\nj6J830PO1FqHAMntFatObSjW/J/c1f8RXR9p5dw9dJPT22nFBAtK\r\n-----END RSA PRIVATE KEY-----\r\n",
                "publicKey": "ssh-rsa AAAAB3NzaC1yc2EAAAADAQABAAABgQDZK90LrS9SjexjM1XjqJA0fmsmQlWVDpGj7kD+KXSFr7ptJUbEWKPg10OhyBVZVprBK4lMcymVzpMtsSiO81cXRzpYGzfojNl3sdpbDJtZnIKq5tLMQJdcgFvb66UEtceQxSQIPvIrMhOoMEe11Tp5zaSsCUWxGAYm9yvaK58ojpA1furaa0vZSyw64kOQkdwTieyIvV2KRkIcaRgLeJAj3xNogyULEDoLGWz0IhKRngIn4AYyTYR/bdEFnndVYZLiDpTagUOwn6fNXk9pCXwihe8K76wG1YBH8C9qcGL55YBG2fft2I+fgqJ7Uz9WaFS4gI4/1KbyWdaj7atkQL2H7O40XtDnFkrzKwbrV5zxY1U5a3cgM4gE71OO4iXUdr4nE8lNl/fLFEWRhwZP30X8RuKWi2v1lG0BGAb5mJl/rNN+CZQNcQJqT3clV2LNsCpNa2hACNzC3L1GRLbv/Y/q003GpZerY+VlEx6TwDr7KO42bt76lSf4RH/DXiuenOk= generated-by-azure"
              },
              "type": [
                "object",
                {
                  "privateKey": "string",
                  "publicKey": "string"
                }
              ]
            },
            "resource_id": "/subscriptions/d72a06ed-d984-410d-bd0d-af6a4ca4ceaa/resourceGroups/rg-allowed-hen/providers/Microsoft.Compute/sshPublicKeys/sshequippedsturgeon",
            "response_export_values": [
              "publicKey",
              "privateKey"
            ],
            "timeouts": null,
            "type": "Microsoft.Compute/sshPublicKeys@2022-11-01",
            "when": "apply"
          },
          "sensitive_attributes": [],
          "dependencies": [
            "azapi_resource.ssh_public_key",
            "azurerm_resource_group.rg",
            "random_pet.rg_name",
            "random_pet.ssh_key_name"
          ]
        }
      ]
    },
    {
      "mode": "managed",
      "type": "azurerm_linux_virtual_machine",
      "name": "myVM",
      "provider": "provider[\"registry.terraform.io/hashicorp/azurerm\"]",
      "instances": [
        {
          "index_key": 0,
          "schema_version": 0,
          "attributes": {
            "additional_capabilities": [],
            "admin_password": null,
            "admin_ssh_key": [
              {
                "public_key": "ssh-rsa AAAAB3NzaC1yc2EAAAADAQABAAABgQDZK90LrS9SjexjM1XjqJA0fmsmQlWVDpGj7kD+KXSFr7ptJUbEWKPg10OhyBVZVprBK4lMcymVzpMtsSiO81cXRzpYGzfojNl3sdpbDJtZnIKq5tLMQJdcgFvb66UEtceQxSQIPvIrMhOoMEe11Tp5zaSsCUWxGAYm9yvaK58ojpA1furaa0vZSyw64kOQkdwTieyIvV2KRkIcaRgLeJAj3xNogyULEDoLGWz0IhKRngIn4AYyTYR/bdEFnndVYZLiDpTagUOwn6fNXk9pCXwihe8K76wG1YBH8C9qcGL55YBG2fft2I+fgqJ7Uz9WaFS4gI4/1KbyWdaj7atkQL2H7O40XtDnFkrzKwbrV5zxY1U5a3cgM4gE71OO4iXUdr4nE8lNl/fLFEWRhwZP30X8RuKWi2v1lG0BGAb5mJl/rNN+CZQNcQJqT3clV2LNsCpNa2hACNzC3L1GRLbv/Y/q003GpZerY+VlEx6TwDr7KO42bt76lSf4RH/DXiuenOk= generated-by-azure",
                "username": "acmeadmin"
              }
            ],
            "admin_username": "acmeadmin",
            "allow_extension_operations": true,
            "availability_set_id": "",
            "boot_diagnostics": [],
            "computer_name": "acmeVM1",
            "custom_data": null,
            "dedicated_host_group_id": "",
            "dedicated_host_id": "",
            "disable_password_authentication": true,
            "encryption_at_host_enabled": false,
            "eviction_policy": "",
            "extensions_time_budget": "PT1H30M",
            "id": "/subscriptions/d72a06ed-d984-410d-bd0d-af6a4ca4ceaa/resourceGroups/rg-allowed-hen/providers/Microsoft.Compute/virtualMachines/acmeVM1",
            "identity": [],
            "license_type": "",
            "location": "eastus",
            "max_bid_price": -1,
            "name": "acmeVM1",
            "network_interface_ids": [
              "/subscriptions/d72a06ed-d984-410d-bd0d-af6a4ca4ceaa/resourceGroups/rg-allowed-hen/providers/Microsoft.Network/networkInterfaces/myNIC-1"
            ],
            "os_disk": [
              {
                "caching": "ReadWrite",
                "diff_disk_settings": [],
                "disk_encryption_set_id": "",
                "disk_size_gb": 30,
                "name": "myOsDisk1",
                "storage_account_type": "Standard_LRS",
                "write_accelerator_enabled": false
              }
            ],
            "patch_mode": "ImageDefault",
            "plan": [],
            "platform_fault_domain": -1,
            "priority": "Regular",
            "private_ip_address": "10.0.1.4",
            "private_ip_addresses": [
              "10.0.1.4"
            ],
            "provision_vm_agent": true,
            "proximity_placement_group_id": "",
            "public_ip_address": "13.90.142.18",
            "public_ip_addresses": [
              "13.90.142.18"
            ],
            "resource_group_name": "rg-allowed-hen",
            "secret": [],
            "secure_boot_enabled": false,
            "size": "Standard_DS1_v2",
            "source_image_id": "",
            "source_image_reference": [
              {
                "offer": "0001-com-ubuntu-server-jammy",
                "publisher": "Canonical",
                "sku": "22_04-lts-gen2",
                "version": "latest"
              }
            ],
            "tags": null,
            "timeouts": null,
            "user_data": "",
            "virtual_machine_id": "17817dbf-471c-49a7-97bf-ac0aaff9e859",
            "virtual_machine_scale_set_id": "",
            "vtpm_enabled": false,
            "zone": ""
          },
          "sensitive_attributes": [
            [
              {
                "type": "get_attr",
                "value": "custom_data"
              }
            ],
            [
              {
                "type": "get_attr",
                "value": "admin_password"
              }
            ]
          ],
          "private": "eyJlMmJmYjczMC1lY2FhLTExZTYtOGY4OC0zNDM2M2JjN2M0YzAiOnsiY3JlYXRlIjoyNzAwMDAwMDAwMDAwLCJkZWxldGUiOjI3MDAwMDAwMDAwMDAsInJlYWQiOjMwMDAwMDAwMDAwMCwidXBkYXRlIjoyNzAwMDAwMDAwMDAwfX0=",
          "dependencies": [
            "azapi_resource.ssh_public_key",
            "azapi_resource_action.ssh_public_key_gen",
            "azurerm_network_interface.nic",
            "azurerm_public_ip.myPubIP",
            "azurerm_resource_group.rg",
            "azurerm_subnet.subnet",
            "azurerm_virtual_network.vnet",
            "random_pet.rg_name",
            "random_pet.ssh_key_name"
          ]
        },
        {
          "index_key": 1,
          "schema_version": 0,
          "attributes": {
            "additional_capabilities": [],
            "admin_password": null,
            "admin_ssh_key": [
              {
                "public_key": "ssh-rsa AAAAB3NzaC1yc2EAAAADAQABAAABgQDZK90LrS9SjexjM1XjqJA0fmsmQlWVDpGj7kD+KXSFr7ptJUbEWKPg10OhyBVZVprBK4lMcymVzpMtsSiO81cXRzpYGzfojNl3sdpbDJtZnIKq5tLMQJdcgFvb66UEtceQxSQIPvIrMhOoMEe11Tp5zaSsCUWxGAYm9yvaK58ojpA1furaa0vZSyw64kOQkdwTieyIvV2KRkIcaRgLeJAj3xNogyULEDoLGWz0IhKRngIn4AYyTYR/bdEFnndVYZLiDpTagUOwn6fNXk9pCXwihe8K76wG1YBH8C9qcGL55YBG2fft2I+fgqJ7Uz9WaFS4gI4/1KbyWdaj7atkQL2H7O40XtDnFkrzKwbrV5zxY1U5a3cgM4gE71OO4iXUdr4nE8lNl/fLFEWRhwZP30X8RuKWi2v1lG0BGAb5mJl/rNN+CZQNcQJqT3clV2LNsCpNa2hACNzC3L1GRLbv/Y/q003GpZerY+VlEx6TwDr7KO42bt76lSf4RH/DXiuenOk= generated-by-azure",
                "username": "acmeadmin"
              }
            ],
            "admin_username": "acmeadmin",
            "allow_extension_operations": true,
            "availability_set_id": "",
            "boot_diagnostics": [],
            "computer_name": "acmeVM2",
            "custom_data": null,
            "dedicated_host_group_id": "",
            "dedicated_host_id": "",
            "disable_password_authentication": true,
            "encryption_at_host_enabled": false,
            "eviction_policy": "",
            "extensions_time_budget": "PT1H30M",
            "id": "/subscriptions/d72a06ed-d984-410d-bd0d-af6a4ca4ceaa/resourceGroups/rg-allowed-hen/providers/Microsoft.Compute/virtualMachines/acmeVM2",
            "identity": [],
            "license_type": "",
            "location": "eastus",
            "max_bid_price": -1,
            "name": "acmeVM2",
            "network_interface_ids": [
              "/subscriptions/d72a06ed-d984-410d-bd0d-af6a4ca4ceaa/resourceGroups/rg-allowed-hen/providers/Microsoft.Network/networkInterfaces/myNIC-2"
            ],
            "os_disk": [
              {
                "caching": "ReadWrite",
                "diff_disk_settings": [],
                "disk_encryption_set_id": "",
                "disk_size_gb": 30,
                "name": "myOsDisk2",
                "storage_account_type": "Standard_LRS",
                "write_accelerator_enabled": false
              }
            ],
            "patch_mode": "ImageDefault",
            "plan": [],
            "platform_fault_domain": -1,
            "priority": "Regular",
            "private_ip_address": "10.0.1.5",
            "private_ip_addresses": [
              "10.0.1.5"
            ],
            "provision_vm_agent": true,
            "proximity_placement_group_id": "",
            "public_ip_address": "40.71.178.235",
            "public_ip_addresses": [
              "40.71.178.235"
            ],
            "resource_group_name": "rg-allowed-hen",
            "secret": [],
            "secure_boot_enabled": false,
            "size": "Standard_DS1_v2",
            "source_image_id": "",
            "source_image_reference": [
              {
                "offer": "0001-com-ubuntu-server-jammy",
                "publisher": "Canonical",
                "sku": "22_04-lts-gen2",
                "version": "latest"
              }
            ],
            "tags": null,
            "timeouts": null,
            "user_data": "",
            "virtual_machine_id": "4f617747-b819-44b3-be07-c6e9e132d371",
            "virtual_machine_scale_set_id": "",
            "vtpm_enabled": false,
            "zone": ""
          },
          "sensitive_attributes": [
            [
              {
                "type": "get_attr",
                "value": "admin_password"
              }
            ],
            [
              {
                "type": "get_attr",
                "value": "custom_data"
              }
            ]
          ],
          "private": "eyJlMmJmYjczMC1lY2FhLTExZTYtOGY4OC0zNDM2M2JjN2M0YzAiOnsiY3JlYXRlIjoyNzAwMDAwMDAwMDAwLCJkZWxldGUiOjI3MDAwMDAwMDAwMDAsInJlYWQiOjMwMDAwMDAwMDAwMCwidXBkYXRlIjoyNzAwMDAwMDAwMDAwfX0=",
          "dependencies": [
            "azapi_resource.ssh_public_key",
            "azapi_resource_action.ssh_public_key_gen",
            "azurerm_network_interface.nic",
            "azurerm_public_ip.myPubIP",
            "azurerm_resource_group.rg",
            "azurerm_subnet.subnet",
            "azurerm_virtual_network.vnet",
            "random_pet.rg_name",
            "random_pet.ssh_key_name"
          ]
        }
      ]
    },
    {
      "mode": "managed",
      "type": "azurerm_network_interface",
      "name": "nic",
      "provider": "provider[\"registry.terraform.io/hashicorp/azurerm\"]",
      "instances": [
        {
          "index_key": 0,
          "schema_version": 0,
          "attributes": {
            "applied_dns_servers": [],
            "dns_servers": [],
            "enable_accelerated_networking": false,
            "enable_ip_forwarding": false,
            "id": "/subscriptions/d72a06ed-d984-410d-bd0d-af6a4ca4ceaa/resourceGroups/rg-allowed-hen/providers/Microsoft.Network/networkInterfaces/myNIC-1",
            "internal_dns_name_label": "",
            "internal_domain_name_suffix": "xurrnvloe4luncczqr4jlzefwg.bx.internal.cloudapp.net",
            "ip_configuration": [
              {
                "gateway_load_balancer_frontend_ip_configuration_id": "",
                "name": "nic_1_configuration",
                "primary": true,
                "private_ip_address": "10.0.1.4",
                "private_ip_address_allocation": "Dynamic",
                "private_ip_address_version": "IPv4",
                "public_ip_address_id": "/subscriptions/d72a06ed-d984-410d-bd0d-af6a4ca4ceaa/resourceGroups/rg-allowed-hen/providers/Microsoft.Network/publicIPAddresses/myPublicIP-1",
                "subnet_id": "/subscriptions/d72a06ed-d984-410d-bd0d-af6a4ca4ceaa/resourceGroups/rg-allowed-hen/providers/Microsoft.Network/virtualNetworks/acme-vnet/subnets/acme-subnet"
              }
            ],
            "location": "eastus",
            "mac_address": "",
            "name": "myNIC-1",
            "private_ip_address": "10.0.1.4",
            "private_ip_addresses": [
              "10.0.1.4"
            ],
            "resource_group_name": "rg-allowed-hen",
            "tags": null,
            "timeouts": null,
            "virtual_machine_id": ""
          },
          "sensitive_attributes": [],
          "private": "eyJlMmJmYjczMC1lY2FhLTExZTYtOGY4OC0zNDM2M2JjN2M0YzAiOnsiY3JlYXRlIjoxODAwMDAwMDAwMDAwLCJkZWxldGUiOjE4MDAwMDAwMDAwMDAsInJlYWQiOjMwMDAwMDAwMDAwMCwidXBkYXRlIjoxODAwMDAwMDAwMDAwfX0=",
          "dependencies": [
            "azurerm_public_ip.myPubIP",
            "azurerm_resource_group.rg",
            "azurerm_subnet.subnet",
            "azurerm_virtual_network.vnet",
            "random_pet.rg_name"
          ]
        },
        {
          "index_key": 1,
          "schema_version": 0,
          "attributes": {
            "applied_dns_servers": [],
            "dns_servers": [],
            "enable_accelerated_networking": false,
            "enable_ip_forwarding": false,
            "id": "/subscriptions/d72a06ed-d984-410d-bd0d-af6a4ca4ceaa/resourceGroups/rg-allowed-hen/providers/Microsoft.Network/networkInterfaces/myNIC-2",
            "internal_dns_name_label": "",
            "internal_domain_name_suffix": "xurrnvloe4luncczqr4jlzefwg.bx.internal.cloudapp.net",
            "ip_configuration": [
              {
                "gateway_load_balancer_frontend_ip_configuration_id": "",
                "name": "nic_2_configuration",
                "primary": true,
                "private_ip_address": "10.0.1.5",
                "private_ip_address_allocation": "Dynamic",
                "private_ip_address_version": "IPv4",
                "public_ip_address_id": "/subscriptions/d72a06ed-d984-410d-bd0d-af6a4ca4ceaa/resourceGroups/rg-allowed-hen/providers/Microsoft.Network/publicIPAddresses/myPublicIP-2",
                "subnet_id": "/subscriptions/d72a06ed-d984-410d-bd0d-af6a4ca4ceaa/resourceGroups/rg-allowed-hen/providers/Microsoft.Network/virtualNetworks/acme-vnet/subnets/acme-subnet"
              }
            ],
            "location": "eastus",
            "mac_address": "",
            "name": "myNIC-2",
            "private_ip_address": "10.0.1.5",
            "private_ip_addresses": [
              "10.0.1.5"
            ],
            "resource_group_name": "rg-allowed-hen",
            "tags": null,
            "timeouts": null,
            "virtual_machine_id": ""
          },
          "sensitive_attributes": [],
          "private": "eyJlMmJmYjczMC1lY2FhLTExZTYtOGY4OC0zNDM2M2JjN2M0YzAiOnsiY3JlYXRlIjoxODAwMDAwMDAwMDAwLCJkZWxldGUiOjE4MDAwMDAwMDAwMDAsInJlYWQiOjMwMDAwMDAwMDAwMCwidXBkYXRlIjoxODAwMDAwMDAwMDAwfX0=",
          "dependencies": [
            "azurerm_public_ip.myPubIP",
            "azurerm_resource_group.rg",
            "azurerm_subnet.subnet",
            "azurerm_virtual_network.vnet",
            "random_pet.rg_name"
          ]
        }
      ]
    },
    {
      "mode": "managed",
      "type": "azurerm_network_interface_security_group_association",
      "name": "nicNSG",
      "provider": "provider[\"registry.terraform.io/hashicorp/azurerm\"]",
      "instances": [
        {
          "index_key": 0,
          "schema_version": 0,
          "attributes": {
            "id": "/subscriptions/d72a06ed-d984-410d-bd0d-af6a4ca4ceaa/resourceGroups/rg-allowed-hen/providers/Microsoft.Network/networkInterfaces/myNIC-1|/subscriptions/d72a06ed-d984-410d-bd0d-af6a4ca4ceaa/resourceGroups/rg-allowed-hen/providers/Microsoft.Network/networkSecurityGroups/myNetworkSecurityGroup",
            "network_interface_id": "/subscriptions/d72a06ed-d984-410d-bd0d-af6a4ca4ceaa/resourceGroups/rg-allowed-hen/providers/Microsoft.Network/networkInterfaces/myNIC-1",
            "network_security_group_id": "/subscriptions/d72a06ed-d984-410d-bd0d-af6a4ca4ceaa/resourceGroups/rg-allowed-hen/providers/Microsoft.Network/networkSecurityGroups/myNetworkSecurityGroup",
            "timeouts": null
          },
          "sensitive_attributes": [],
          "private": "eyJlMmJmYjczMC1lY2FhLTExZTYtOGY4OC0zNDM2M2JjN2M0YzAiOnsiY3JlYXRlIjoxODAwMDAwMDAwMDAwLCJkZWxldGUiOjE4MDAwMDAwMDAwMDAsInJlYWQiOjMwMDAwMDAwMDAwMCwidXBkYXRlIjoxODAwMDAwMDAwMDAwfX0=",
          "dependencies": [
            "azurerm_network_interface.nic",
            "azurerm_network_security_group.nsg",
            "azurerm_public_ip.myPubIP",
            "azurerm_resource_group.rg",
            "azurerm_subnet.subnet",
            "azurerm_virtual_network.vnet",
            "random_pet.rg_name"
          ]
        },
        {
          "index_key": 1,
          "schema_version": 0,
          "attributes": {
            "id": "/subscriptions/d72a06ed-d984-410d-bd0d-af6a4ca4ceaa/resourceGroups/rg-allowed-hen/providers/Microsoft.Network/networkInterfaces/myNIC-2|/subscriptions/d72a06ed-d984-410d-bd0d-af6a4ca4ceaa/resourceGroups/rg-allowed-hen/providers/Microsoft.Network/networkSecurityGroups/myNetworkSecurityGroup",
            "network_interface_id": "/subscriptions/d72a06ed-d984-410d-bd0d-af6a4ca4ceaa/resourceGroups/rg-allowed-hen/providers/Microsoft.Network/networkInterfaces/myNIC-2",
            "network_security_group_id": "/subscriptions/d72a06ed-d984-410d-bd0d-af6a4ca4ceaa/resourceGroups/rg-allowed-hen/providers/Microsoft.Network/networkSecurityGroups/myNetworkSecurityGroup",
            "timeouts": null
          },
          "sensitive_attributes": [],
          "private": "eyJlMmJmYjczMC1lY2FhLTExZTYtOGY4OC0zNDM2M2JjN2M0YzAiOnsiY3JlYXRlIjoxODAwMDAwMDAwMDAwLCJkZWxldGUiOjE4MDAwMDAwMDAwMDAsInJlYWQiOjMwMDAwMDAwMDAwMCwidXBkYXRlIjoxODAwMDAwMDAwMDAwfX0=",
          "dependencies": [
            "azurerm_network_interface.nic",
            "azurerm_network_security_group.nsg",
            "azurerm_public_ip.myPubIP",
            "azurerm_resource_group.rg",
            "azurerm_subnet.subnet",
            "azurerm_virtual_network.vnet",
            "random_pet.rg_name"
          ]
        }
      ]
    },
    {
      "mode": "managed",
      "type": "azurerm_network_security_group",
      "name": "my_nsg",
      "provider": "provider[\"registry.terraform.io/hashicorp/azurerm\"]",
      "instances": [
        {
          "schema_version": 0,
          "attributes": {
            "id": "/subscriptions/d72a06ed-d984-410d-bd0d-af6a4ca4ceaa/resourceGroups/rg-allowed-hen/providers/Microsoft.Network/networkSecurityGroups/myNSG",
            "location": "eastus",
            "name": "myNSG",
            "resource_group_name": "rg-allowed-hen",
            "security_rule": [],
            "tags": null,
            "timeouts": null
          },
          "sensitive_attributes": [],
          "private": "eyJlMmJmYjczMC1lY2FhLTExZTYtOGY4OC0zNDM2M2JjN2M0YzAiOnsiY3JlYXRlIjoxODAwMDAwMDAwMDAwLCJkZWxldGUiOjE4MDAwMDAwMDAwMDAsInJlYWQiOjMwMDAwMDAwMDAwMCwidXBkYXRlIjoxODAwMDAwMDAwMDAwfX0=",
          "dependencies": [
            "azurerm_resource_group.rg",
            "random_pet.rg_name"
          ]
        }
      ]
    },
    {
      "mode": "managed",
      "type": "azurerm_network_security_group",
      "name": "nsg",
      "provider": "provider[\"registry.terraform.io/hashicorp/azurerm\"]",
      "instances": [
        {
          "schema_version": 0,
          "attributes": {
            "id": "/subscriptions/d72a06ed-d984-410d-bd0d-af6a4ca4ceaa/resourceGroups/rg-allowed-hen/providers/Microsoft.Network/networkSecurityGroups/myNetworkSecurityGroup",
            "location": "eastus",
            "name": "myNetworkSecurityGroup",
            "resource_group_name": "rg-allowed-hen",
            "security_rule": [
              {
                "access": "Allow",
                "description": "",
                "destination_address_prefix": "*",
                "destination_address_prefixes": [],
                "destination_application_security_group_ids": [],
                "destination_port_range": "22",
                "destination_port_ranges": [],
                "direction": "Inbound",
                "name": "SSH",
                "priority": 1001,
                "protocol": "Tcp",
                "source_address_prefix": "*",
                "source_address_prefixes": [],
                "source_application_security_group_ids": [],
                "source_port_range": "*",
                "source_port_ranges": []
              },
              {
                "access": "Allow",
                "description": "",
                "destination_address_prefix": "*",
                "destination_address_prefixes": [],
                "destination_application_security_group_ids": [],
                "destination_port_range": "80",
                "destination_port_ranges": [],
                "direction": "Inbound",
                "name": "HTTP",
                "priority": 200,
                "protocol": "*",
                "source_address_prefix": "*",
                "source_address_prefixes": [],
                "source_application_security_group_ids": [],
                "source_port_range": "*",
                "source_port_ranges": []
              }
            ],
            "tags": null,
            "timeouts": null
          },
          "sensitive_attributes": [],
          "private": "eyJlMmJmYjczMC1lY2FhLTExZTYtOGY4OC0zNDM2M2JjN2M0YzAiOnsiY3JlYXRlIjoxODAwMDAwMDAwMDAwLCJkZWxldGUiOjE4MDAwMDAwMDAwMDAsInJlYWQiOjMwMDAwMDAwMDAwMCwidXBkYXRlIjoxODAwMDAwMDAwMDAwfX0=",
          "dependencies": [
            "azurerm_resource_group.rg",
            "random_pet.rg_name"
          ]
        }
      ]
    },
    {
      "mode": "managed",
      "type": "azurerm_public_ip",
      "name": "myPubIP",
      "provider": "provider[\"registry.terraform.io/hashicorp/azurerm\"]",
      "instances": [
        {
          "index_key": 0,
          "schema_version": 0,
          "attributes": {
            "allocation_method": "Dynamic",
            "availability_zone": "No-Zone",
            "domain_name_label": null,
            "fqdn": null,
            "id": "/subscriptions/d72a06ed-d984-410d-bd0d-af6a4ca4ceaa/resourceGroups/rg-allowed-hen/providers/Microsoft.Network/publicIPAddresses/myPublicIP-1",
            "idle_timeout_in_minutes": 4,
            "ip_address": "",
            "ip_tags": null,
            "ip_version": "IPv4",
            "location": "eastus",
            "name": "myPublicIP-1",
            "public_ip_prefix_id": null,
            "resource_group_name": "rg-allowed-hen",
            "reverse_fqdn": null,
            "sku": "Basic",
            "sku_tier": "Regional",
            "tags": null,
            "timeouts": null,
            "zones": []
          },
          "sensitive_attributes": [],
          "private": "eyJlMmJmYjczMC1lY2FhLTExZTYtOGY4OC0zNDM2M2JjN2M0YzAiOnsiY3JlYXRlIjoxODAwMDAwMDAwMDAwLCJkZWxldGUiOjE4MDAwMDAwMDAwMDAsInJlYWQiOjMwMDAwMDAwMDAwMCwidXBkYXRlIjoxODAwMDAwMDAwMDAwfX0=",
          "dependencies": [
            "azurerm_resource_group.rg",
            "random_pet.rg_name"
          ]
        },
        {
          "index_key": 1,
          "schema_version": 0,
          "attributes": {
            "allocation_method": "Dynamic",
            "availability_zone": "No-Zone",
            "domain_name_label": null,
            "fqdn": null,
            "id": "/subscriptions/d72a06ed-d984-410d-bd0d-af6a4ca4ceaa/resourceGroups/rg-allowed-hen/providers/Microsoft.Network/publicIPAddresses/myPublicIP-2",
            "idle_timeout_in_minutes": 4,
            "ip_address": "",
            "ip_tags": null,
            "ip_version": "IPv4",
            "location": "eastus",
            "name": "myPublicIP-2",
            "public_ip_prefix_id": null,
            "resource_group_name": "rg-allowed-hen",
            "reverse_fqdn": null,
            "sku": "Basic",
            "sku_tier": "Regional",
            "tags": null,
            "timeouts": null,
            "zones": []
          },
          "sensitive_attributes": [],
          "private": "eyJlMmJmYjczMC1lY2FhLTExZTYtOGY4OC0zNDM2M2JjN2M0YzAiOnsiY3JlYXRlIjoxODAwMDAwMDAwMDAwLCJkZWxldGUiOjE4MDAwMDAwMDAwMDAsInJlYWQiOjMwMDAwMDAwMDAwMCwidXBkYXRlIjoxODAwMDAwMDAwMDAwfX0=",
          "dependencies": [
            "azurerm_resource_group.rg",
            "random_pet.rg_name"
          ]
        }
      ]
    },
    {
      "mode": "managed",
      "type": "azurerm_resource_group",
      "name": "rg",
      "provider": "provider[\"registry.terraform.io/hashicorp/azurerm\"]",
      "instances": [
        {
          "schema_version": 0,
          "attributes": {
            "id": "/subscriptions/d72a06ed-d984-410d-bd0d-af6a4ca4ceaa/resourceGroups/rg-allowed-hen",
            "location": "eastus",
            "name": "rg-allowed-hen",
            "tags": null,
            "timeouts": null
          },
          "sensitive_attributes": [],
          "private": "eyJlMmJmYjczMC1lY2FhLTExZTYtOGY4OC0zNDM2M2JjN2M0YzAiOnsiY3JlYXRlIjo1NDAwMDAwMDAwMDAwLCJkZWxldGUiOjU0MDAwMDAwMDAwMDAsInJlYWQiOjMwMDAwMDAwMDAwMCwidXBkYXRlIjo1NDAwMDAwMDAwMDAwfX0=",
          "dependencies": [
            "random_pet.rg_name"
          ]
        }
      ]
    },
    {
      "mode": "managed",
      "type": "azurerm_subnet",
      "name": "subnet",
      "provider": "provider[\"registry.terraform.io/hashicorp/azurerm\"]",
      "instances": [
        {
          "schema_version": 0,
          "attributes": {
            "address_prefix": "10.0.1.0/24",
            "address_prefixes": [
              "10.0.1.0/24"
            ],
            "delegation": [],
            "enforce_private_link_endpoint_network_policies": false,
            "enforce_private_link_service_network_policies": false,
            "id": "/subscriptions/d72a06ed-d984-410d-bd0d-af6a4ca4ceaa/resourceGroups/rg-allowed-hen/providers/Microsoft.Network/virtualNetworks/acme-vnet/subnets/acme-subnet",
            "name": "acme-subnet",
            "resource_group_name": "rg-allowed-hen",
            "service_endpoint_policy_ids": null,
            "service_endpoints": null,
            "timeouts": null,
            "virtual_network_name": "acme-vnet"
          },
          "sensitive_attributes": [],
          "private": "eyJlMmJmYjczMC1lY2FhLTExZTYtOGY4OC0zNDM2M2JjN2M0YzAiOnsiY3JlYXRlIjoxODAwMDAwMDAwMDAwLCJkZWxldGUiOjE4MDAwMDAwMDAwMDAsInJlYWQiOjMwMDAwMDAwMDAwMCwidXBkYXRlIjoxODAwMDAwMDAwMDAwfX0=",
          "dependencies": [
            "azurerm_resource_group.rg",
            "azurerm_virtual_network.vnet",
            "random_pet.rg_name"
          ]
        }
      ]
    },
    {
      "mode": "managed",
      "type": "azurerm_virtual_network",
      "name": "vnet",
      "provider": "provider[\"registry.terraform.io/hashicorp/azurerm\"]",
      "instances": [
        {
          "schema_version": 0,
          "attributes": {
            "address_space": [
              "10.0.0.0/16"
            ],
            "bgp_community": "",
            "ddos_protection_plan": [],
            "dns_servers": [],
            "flow_timeout_in_minutes": 0,
            "guid": "d51623bd-276e-4697-8859-847c95e485b6",
            "id": "/subscriptions/d72a06ed-d984-410d-bd0d-af6a4ca4ceaa/resourceGroups/rg-allowed-hen/providers/Microsoft.Network/virtualNetworks/acme-vnet",
            "location": "eastus",
            "name": "acme-vnet",
            "resource_group_name": "rg-allowed-hen",
            "subnet": [],
            "tags": null,
            "timeouts": null,
            "vm_protection_enabled": false
          },
          "sensitive_attributes": [],
          "private": "eyJlMmJmYjczMC1lY2FhLTExZTYtOGY4OC0zNDM2M2JjN2M0YzAiOnsiY3JlYXRlIjoxODAwMDAwMDAwMDAwLCJkZWxldGUiOjE4MDAwMDAwMDAwMDAsInJlYWQiOjMwMDAwMDAwMDAwMCwidXBkYXRlIjoxODAwMDAwMDAwMDAwfX0=",
          "dependencies": [
            "azurerm_resource_group.rg",
            "random_pet.rg_name"
          ]
        }
      ]
    },
    {
      "mode": "managed",
      "type": "local_file",
      "name": "hosts_cfg",
      "provider": "provider[\"registry.terraform.io/hashicorp/local\"]",
      "instances": [
        {
          "schema_version": 0,
          "attributes": {
            "content": "myhosts:\n  hosts:\n    acmeVM1:\n      ansible_host: 13.90.142.18\n    acmeVM2:\n      ansible_host: 40.71.178.235\n  vars:\n    ansible_user: acmeadmin",
            "content_base64": null,
            "content_base64sha256": "pzi94f/9/tyFChuPcr1SopO/kv9Ni8J8/Uf3GMCjoW8=",
            "content_base64sha512": "2HlsmU+c/GCKCxuB4yf3HQ987IHv6D8vaCcY3FcfApLnS/OjPOJZoLBTFix0BTW6i9yxYhbmxY3YGweLLq8sCA==",
            "content_md5": "887346d69ec1420ba6cd4840a71958ef",
            "content_sha1": "57a11690c137f05233adac9804aa21f4d870dba1",
            "content_sha256": "a738bde1fffdfedc850a1b8f72bd52a293bf92ff4d8bc27cfd47f718c0a3a16f",
            "content_sha512": "d8796c994f9cfc608a0b1b81e327f71d0f7cec81efe83f2f682718dc571f0292e74bf3a33ce259a0b053162c740535ba8bdcb16216e6c58dd81b078b2eaf2c08",
            "directory_permission": "0777",
            "file_permission": "0777",
            "filename": "./ansible/inventory.yml",
            "id": "57a11690c137f05233adac9804aa21f4d870dba1",
            "sensitive_content": null,
            "source": null
          },
          "sensitive_attributes": [
            [
              {
                "type": "get_attr",
                "value": "content"
              }
            ],
            [
              {
                "type": "get_attr",
                "value": "sensitive_content"
              }
            ]
          ],
          "dependencies": [
            "azapi_resource.ssh_public_key",
            "azapi_resource_action.ssh_public_key_gen",
            "azurerm_linux_virtual_machine.myVM",
            "azurerm_network_interface.nic",
            "azurerm_public_ip.myPubIP",
            "azurerm_resource_group.rg",
            "azurerm_subnet.subnet",
            "azurerm_virtual_network.vnet",
            "random_pet.rg_name",
            "random_pet.ssh_key_name"
          ]
        }
      ]
    },
    {
      "mode": "managed",
      "type": "local_file",
      "name": "private_key",
      "provider": "provider[\"registry.terraform.io/hashicorp/local\"]",
      "instances": [
        {
          "schema_version": 0,
          "attributes": {
            "content": "-----BEGIN RSA PRIVATE KEY-----\r\nMIIG4wIBAAKCAYEA2SvdC60vUo3sYzNV46iQNH5rJkJVlQ6Ro+5A/il0ha+6bSVG\r\nxFij4NdDocgVWVaawSuJTHMplc6TLbEojvNXF0c6WBs36IzZd7HaWwybWZyCqubS\r\nzECXXIBb2+ulBLXHkMUkCD7yKzITqDBHtdU6ec2krAlFsRgGJvcr2iufKI6QNX7q\r\n2mtL2UssOuJDkJHcE4nsiL1dikZCHGkYC3iQI98TaIMlCxA6Cxls9CISkZ4CJ+AG\r\nMk2Ef23RBZ53VWGS4g6U2oFDsJ+nzV5PaQl8IoXvCu+sBtWAR/AvanBi+eWARtn3\r\n7diPn4Kie1M/VmhUuICOP9Sm8lnWo+2rZEC9h+zuNF7Q5xZK8ysG61ec8WNVOWt3\r\nIDOIBO9TjuIl1Ha+JxPJTZf3yxRFkYcGT99F/Ebilotr9ZRtARgG+ZiZf6zTfgmU\r\nDXECak93JVdizbAqTWtoQAjcwty9RkS27/2P6tNNxqWXq2PlZRMek8A6+yjuNm7e\r\n+pUn+ER/w14rnpzpAgMBAAECggGBANA4kjPD1P+eO+vRKKSi1cC/BRUlvNCxq0o2\r\nAfKu5J3ZIzHK79MJ+fZ17s6K/I0v0CkuCPJX6KNN8Sd6GJ0XC4WyMWqQjkZV5Zwx\r\n1l499CUzPsWFks9rjrSODYUKpqmhcLqJikats5te5CH6SIc67loipaSdL0jg8+Ug\r\nT9daw7srFXF1QtAw2AR7YukCUC2o7A1/zF4+0hTl0DVVPkyhR/JczEsEktvMrxo9\r\nQo3ArXUYvpBk5wwL7uIO9L4ideBTL7FtI0Uz9p54cmOWgClrA9JpIPozg+5X4QkY\r\njfCl7nOCcD/CDKPOqHqtrAMHaJ+txR1doBhaRG6FLr/4qxcOzk711eg5DK579W/D\r\nnZfihf/FrwVNc3VH2AOF6Ida1uA1jnSq9LKnhWILdPLkznC4JjDYAOegIJSjtzpC\r\nKCnXUHTcK1/gQ7icqkSXLO0GxORgbR/sc8rhf7EWbRDTqLZerv4Ur7bu9YrhtcIp\r\ns7gfj8eWafSTzUM+mAzqdhztv7mb0QKBwQDl/WgO9l2f7v6y8NM8eUzfrRxcRDEB\r\nHqP/caX3m952Z7DMWrw9CscaIHB6RbpfUiQ90IWSslOUZhf6ba+7EamEuUoAQFLf\r\nY568gWsRiAu+Sr1U1dHf/g8WbyymmWmVO4Z2/RNQ9ZV0ImnF46oFedDgUfkFP98d\r\nd9FNoEz9IsuuCjg8vN1l+b4QLVX5WiexrHVDWMmyLa9ku/95vowVHVvjJDZxJUpg\r\nWCn8ZWS80jM4SnH3prDDDGRGjustxmqICmsCgcEA8btWzDKSrtWE/YOmL76PIIGw\r\nTLXR8I/2qb6icTvOzZI7F0Z0da7zCGoBsuGidyJLWwM4lGL0NYv7AMDQXMuEmNnU\r\nFx2kJjPBudPw+ApGgP59znfq9KU2IqQmhwN3cpAtEeCqnyhGbw9b8NHAOuuleQyN\r\nIs0njxpLbutfQ6DuYNySX5RvgCQgm+ZQziwPFH8Y6yLBAeXCZ2iAfrS0IKSiZwC6\r\nj2hcT5h3D/aYgYombzohREAZIh8RpE2tt0L+erL7AoHAcx9+iAbQZK84NRARXLMH\r\nROudR54mvX29767Oufv+xlwvBovgr9mGQlC8nKfsm6w9UefgBMdYyO61z/g5v7Ue\r\nmr45CZkpIoL2QTuzAYqM/krhLOb+8FV27e7mddpTHI04SLVzhtH3ZrOXKKRGRglt\r\nAexmbzdCkriYP3gfMZLKS6r37YdId7QkbGqVH4T+W5SM+hImnBb8NbtZLXKxIhyZ\r\nE0DcM5TL/yACnEGQxGeflezF0YZR8sBwLVV66WXpi4FTAoG/Rd/hNyVnQSJ3TtC/\r\nOQ3cUYkrbQEhrmfu5SI10oV3QfUDH7c98safec8qroqKa+V94tELidkQvmm4JH+X\r\nuzsZGRXeONBYorJTTWP2Q7y0pJTryMLhJ9aZz2mjuWNHI9aJMKHAsED0GyZVbUc0\r\nSdPUASmfom+q/7KaG3XuE55xSY54wSgnEuNeibIJqY8SzNnwWgexwtqnVzzd58JU\r\nTxtH1n5fbxS7mkZ4JCUj8E3+zif/dbsRiMtyTgwmKtMyvEUCgcEAso3xAnqyIC14\r\nEnU2j0ep+2n/2y2dE8s5RW4EJfMvDYOF2o42CfH8y2zkP8CgJ1K+50j1jGT633Wp\r\nDm58+IG6/re+UR90yFuJpIW5RBlsoTC29xBC6k8mg8FnfX9DDRB0AqntIeJ5Jh9/\r\n7aivKpVYr2ChdSzkaKu58NKAzq/WonmKmecU0Byas1HtT4+UswWwWZ2hzIzhkb4d\r\nj6J830PO1FqHAMntFatObSjW/J/c1f8RXR9p5dw9dJPT22nFBAtK\r\n-----END RSA PRIVATE KEY-----\r\n",
            "content_base64": null,
            "content_base64sha256": "BRpZKQGcC4idgpMZkeBsNoUnTZmEm69WZbLt2D8Jx0Q=",
            "content_base64sha512": "aUgOglpIJwk21PbXkDfMe1sHz7aIx08PglsexD1EHgambYL9ZUUZgqYupiLyT8cs/GCgiCpDJe/kqoUSIG61Rw==",
            "content_md5": "50bcf7eb57151b837f9a570d293eb9a1",
            "content_sha1": "ed6a48c346c356dd226987dc4ca91dba973bbedb",
            "content_sha256": "051a5929019c0b889d82931991e06c3685274d99849baf5665b2edd83f09c744",
            "content_sha512": "69480e825a48270936d4f6d79037cc7b5b07cfb688c74f0f825b1ec43d441e06a66d82fd65451982a62ea622f24fc72cfc60a0882a4325efe4aa8512206eb547",
            "directory_permission": "0777",
            "file_permission": "0600",
            "filename": "private_key.pem",
            "id": "ed6a48c346c356dd226987dc4ca91dba973bbedb",
            "sensitive_content": null,
            "source": null
          },
          "sensitive_attributes": [
            [
              {
                "type": "get_attr",
                "value": "sensitive_content"
              }
            ]
          ],
          "dependencies": [
            "azapi_resource.ssh_public_key",
            "azapi_resource_action.ssh_public_key_gen",
            "azurerm_resource_group.rg",
            "random_pet.rg_name",
            "random_pet.ssh_key_name"
          ]
        }
      ]
    },
    {
      "mode": "managed",
      "type": "random_pet",
      "name": "rg_name",
      "provider": "provider[\"registry.terraform.io/hashicorp/random\"]",
      "instances": [
        {
          "schema_version": 0,
          "attributes": {
            "id": "rg-allowed-hen",
            "keepers": null,
            "length": 2,
            "prefix": "rg",
            "separator": "-"
          },
          "sensitive_attributes": []
        }
      ]
    },
    {
      "mode": "managed",
      "type": "random_pet",
      "name": "ssh_key_name",
      "provider": "provider[\"registry.terraform.io/hashicorp/random\"]",
      "instances": [
        {
          "schema_version": 0,
          "attributes": {
            "id": "sshequippedsturgeon",
            "keepers": null,
            "length": 2,
            "prefix": "ssh",
            "separator": ""
          },
          "sensitive_attributes": []
        }
      ]
    }
  ],
  "check_results": null
}
