{
  "version": 4,
  "terraform_version": "1.8.4",
  "serial": 112,
  "lineage": "a2d1b855-631f-bf49-f2bb-a69602695b30",
  "outputs": {
    "linux_virtual_machine_ips": {
      "value": [
        [
          "52.170.5.32"
        ]
      ],
      "type": [
        "tuple",
        [
          [
            "tuple",
            [
              "string"
            ]
          ]
        ]
      ]
    },
    "linux_virtual_machine_names": {
      "value": [
        [
          "studentVM1"
        ]
      ],
      "type": [
        "tuple",
        [
          [
            "tuple",
            [
              "string"
            ]
          ]
        ]
      ]
    },
    "resource_group_name": {
      "value": "rg-open-arachnid",
      "type": "string"
    },
    "subnet_name": {
      "value": "student-subnet",
      "type": "string"
    },
    "virtual_network_name": {
      "value": "student-vnet",
      "type": "string"
    }
  },
  "resources": [
    {
      "mode": "managed",
      "type": "azapi_resource",
      "name": "ssh_public_key",
      "provider": "provider[\"registry.terraform.io/azure/azapi\"]",
      "instances": [
        {
          "schema_version": 1,
          "attributes": {
            "body": {
              "value": "{}",
              "type": "string"
            },
            "id": "/subscriptions/d72a06ed-d984-410d-bd0d-af6a4ca4ceaa/resourceGroups/rg-open-arachnid/providers/Microsoft.Compute/sshPublicKeys/sshgamebat",
            "identity": [],
            "ignore_body_changes": null,
            "ignore_casing": false,
            "ignore_missing_property": true,
            "location": "eastus",
            "locks": null,
            "name": "sshgamebat",
            "output": {
              "value": "{}",
              "type": "string"
            },
            "parent_id": "/subscriptions/d72a06ed-d984-410d-bd0d-af6a4ca4ceaa/resourceGroups/rg-open-arachnid",
            "removing_special_chars": false,
            "response_export_values": null,
            "schema_validation_enabled": true,
            "tags": null,
            "timeouts": null,
            "type": "Microsoft.Compute/sshPublicKeys@2022-11-01"
          },
          "sensitive_attributes": [],
          "dependencies": [
            "azurerm_resource_group.student-rg",
            "random_pet.rg_name",
            "random_pet.ssh_key_name"
          ]
        }
      ]
    },
    {
      "mode": "managed",
      "type": "azapi_resource_action",
      "name": "ssh_public_key_gen",
      "provider": "provider[\"registry.terraform.io/azure/azapi\"]",
      "instances": [
        {
          "schema_version": 1,
          "attributes": {
            "action": "generateKeyPair",
            "body": null,
            "id": "/subscriptions/d72a06ed-d984-410d-bd0d-af6a4ca4ceaa/resourceGroups/rg-open-arachnid/providers/Microsoft.Compute/sshPublicKeys/sshgamebat/generateKeyPair",
            "locks": null,
            "method": "POST",
            "output": {
              "value": {
                "privateKey": "-----BEGIN RSA PRIVATE KEY-----\r\nMIIG4wIBAAKCAYEAvW8aNYjr9qjG7Z63czalkhruFW8ZVnbmt5OQd0dkTeHtYgxj\r\n6ZEiv2+uWIf+CA2kbsaPWVVNodrXWPN0Ows2sBRmPseWnC6GXZ0QqcwMhxBl8hYD\r\nbc7vHX4SaLWny4IlKir0oDw+WU2cYqILd++aTKMAh3uKb5OvlEjVngi1vAqPQGgP\r\n96d6Y0PyZAmyENE3w0Acue/5kMvQ4yTQ+k7b3/8Lpcfis3CtlZ3BvY/ozzJrM9T6\r\nRAzRG50Ezn1mK/PlmhnClvQ8OmWePx78z4pJpw0ztGi/3VYXRjpwNctNqItE4oG8\r\nXn9xQ8PwvBco2GOYs4NDtgKyvlOwgBY2ZJ5u3chRhOCmBo7OVTUIT0T6TyM/EWgI\r\nv+VYPS6XtUNMD+3d32rMoXqUFV+kD4t4gYoVXf4TaR+agODaFdcyCoYkCuSxlA0S\r\nvmyQBY/yukId3sye0JkdwOZRBAjPvw+GorR1+CABZQMjMxpJ4o4cUH6oOBFoJj0f\r\nyz6nXfTDI8lw6krZAgMBAAECggGAaflYiTBzCQc8WjxbVmnw0D6eiIEhhJx5z6MO\r\nw5u9wlAs05go4MZf0QayWzag53JyVcJg+VHeXzilFk8D6/AHBRQ0atSPLgpdAsvW\r\nQZc0Pu7uiTLFck28uRwJQmi1WQUSs3daaLWrD5x6azdKASuaf1sE9cYoGOle5S6l\r\nyoYG3Q5vO1G79QjNT/D4Dfzaj8vrTSB1sZNNYzKSRjAXdKBfIv10T6b17PqRMU0S\r\n0HBMhnUnQdTYuO8OoEsEIFxIpzgGeNyMjdBH5qKQqXISQLk/AwzK99KfDsybMayp\r\noAERM+J+vGegssk31luhy3BW99iOtVTeEnVQieFOU6OZaFwzkQ3z5DW6Ah9nfHGX\r\nUwG7hJGpk5LBOujiq3mCOHlLQ9uF3Ex9BOgAgF1RpGEJmiZXzRkh5ywJFPFkIJuR\r\nszJtQICUdv/n6MVItiVMh8wXavd02kWJKy6UR7iLAs8bPMmkLtuc3GLG401fWg6g\r\nGmZzFkY+67DnJ1lI1iqDVTU/MBv9AoHBAON2f4w9G8Nj4lZgt8YqnR9iV27IJOGX\r\nHYrE4KwoCR56pYEwykGv4AEF/DsXpNheoJwfZu2zJqAAY4oalR3mVv1zRuAOyTM5\r\nNWPlHB6QGYkNPiQupgjxfdv+7UoDZif/fyGMbSiKzVson0puESCusklnQUC7pV5y\r\nEpmrhIWaymN3gxLaWF7e3qbQvbb5+jEbfPsWM/UMgvQcQ+DlHq1pUGJLtBniP3tc\r\nOx9sAgbLqiZA6KHyazzm5QPczRad+aYpgwKBwQDVMzevjYGLGy7nddeWTGISxHqq\r\ng304kOlyc3a+vCbn5enFxzGmiqG1HozXSX/hDFwWuQS0yrnWr5SC13z3qnFluPnJ\r\nchwduSSWR9TdTpZk1tTvZoBCkTFqCCPKBtTv+focY3bnKZh8kxN6LkRIbPAcNuqC\r\nuw5B+8F5HUjhwEIKJX/XCBmzaYNYaB3NYSDX2m2TRcOo5ejNmvUgdr0W+mFYW03K\r\nC5O0XG43m9WyzZs9sLSSA4FzANGOhBFlnP+zt3MCgcEAlkChcmavXzssuLg8zPc7\r\nQQ76CGDHFAl5Z0Az1STBGVQU3aj4AboGs0Zb3kD5EEA5wcdwe1XbDtgS6Jg0pkKQ\r\nde1fBQRfXanNncYq8/lmFMUdplL2NHQpGlhkMH7cTVGVjfiv5pcBndTQnB7my3r6\r\npEhDr1oEm8Woib/l00dzp467k4mN1GVOGE1M9IBeB3BL96QsABQasNu27ukKgaxO\r\ngA/X0T1Fh9xd5Zy4HfsM0yYPRWLX+avf3dRN2UHTNjK3AoHAE3hO8JBKsUp1ORwQ\r\n6R/moPIihanmaKELQLF8uaRzJSBg/ffX9+6XH/Q/RnXm4MWBL24MGPqeiBWWyXAm\r\ncHO3UWPYI+Zw3OIIjlTXArLnlyPrZEWHFw0tZxKBOjTvg07f4XHP7QJmc5H26GSL\r\nRdX1A46cUf4FKk90drwO6Nbm8QhFqXyK5FCRdyRi/FuPZUcEVLu9R5JfdU9ebW2K\r\njSumciw8aWQvQ/xg8GEh3eda8wJNKzx4uOjtOkejUxVIYMAzAoHARAPiz3gvqU9N\r\n8Cn9un8eF2r8ESeQNhC3CjdeaeFyImJ4K0WphFZvOxfS9Dl22fsouflYMBXk9Z3r\r\nwwY3T3QC1xQQ9XJVpnjSfFMAnX/oJs2qyNAVC4idMf5ImueXMEp1fK8AY18jgD80\r\nhaFefTaYJZHGQ5iIqBuEAn1xvOOj1qrIsXeUcP7ansNAn4dMqrRrrnJ7/njYuPdM\r\nZAAfLd+lwrDcOpSprD9JnYyPFTXG5BZ/Px53A8Hx1hIyiHsuvdoS\r\n-----END RSA PRIVATE KEY-----\r\n",
                "publicKey": "ssh-rsa AAAAB3NzaC1yc2EAAAADAQABAAABgQC9bxo1iOv2qMbtnrdzNqWSGu4VbxlWdua3k5B3R2RN4e1iDGPpkSK/b65Yh/4IDaRuxo9ZVU2h2tdY83Q7CzawFGY+x5acLoZdnRCpzAyHEGXyFgNtzu8dfhJotafLgiUqKvSgPD5ZTZxiogt375pMowCHe4pvk6+USNWeCLW8Co9AaA/3p3pjQ/JkCbIQ0TfDQBy57/mQy9DjJND6Ttvf/wulx+KzcK2VncG9j+jPMmsz1PpEDNEbnQTOfWYr8+WaGcKW9Dw6ZZ4/HvzPikmnDTO0aL/dVhdGOnA1y02oi0Tigbxef3FDw/C8FyjYY5izg0O2ArK+U7CAFjZknm7dyFGE4KYGjs5VNQhPRPpPIz8RaAi/5Vg9Lpe1Q0wP7d3fasyhepQVX6QPi3iBihVd/hNpH5qA4NoV1zIKhiQK5LGUDRK+bJAFj/K6Qh3ezJ7QmR3A5lEECM+/D4aitHX4IAFlAyMzGknijhxQfqg4EWgmPR/LPqdd9MMjyXDqStk= generated-by-azure"
              },
              "type": [
                "object",
                {
                  "privateKey": "string",
                  "publicKey": "string"
                }
              ]
            },
            "resource_id": "/subscriptions/d72a06ed-d984-410d-bd0d-af6a4ca4ceaa/resourceGroups/rg-open-arachnid/providers/Microsoft.Compute/sshPublicKeys/sshgamebat",
            "response_export_values": [
              "publicKey",
              "privateKey"
            ],
            "timeouts": null,
            "type": "Microsoft.Compute/sshPublicKeys@2022-11-01",
            "when": "apply"
          },
          "sensitive_attributes": [],
          "dependencies": [
            "azapi_resource.ssh_public_key",
            "azurerm_resource_group.student-rg",
            "random_pet.rg_name",
            "random_pet.ssh_key_name"
          ]
        }
      ]
    },
    {
      "mode": "managed",
      "type": "azurerm_linux_virtual_machine",
      "name": "student-vm",
      "provider": "provider[\"registry.terraform.io/hashicorp/azurerm\"]",
      "instances": [
        {
          "index_key": 0,
          "schema_version": 0,
          "attributes": {
            "additional_capabilities": [],
            "admin_password": null,
            "admin_ssh_key": [
              {
                "public_key": "ssh-rsa AAAAB3NzaC1yc2EAAAADAQABAAABgQC9bxo1iOv2qMbtnrdzNqWSGu4VbxlWdua3k5B3R2RN4e1iDGPpkSK/b65Yh/4IDaRuxo9ZVU2h2tdY83Q7CzawFGY+x5acLoZdnRCpzAyHEGXyFgNtzu8dfhJotafLgiUqKvSgPD5ZTZxiogt375pMowCHe4pvk6+USNWeCLW8Co9AaA/3p3pjQ/JkCbIQ0TfDQBy57/mQy9DjJND6Ttvf/wulx+KzcK2VncG9j+jPMmsz1PpEDNEbnQTOfWYr8+WaGcKW9Dw6ZZ4/HvzPikmnDTO0aL/dVhdGOnA1y02oi0Tigbxef3FDw/C8FyjYY5izg0O2ArK+U7CAFjZknm7dyFGE4KYGjs5VNQhPRPpPIz8RaAi/5Vg9Lpe1Q0wP7d3fasyhepQVX6QPi3iBihVd/hNpH5qA4NoV1zIKhiQK5LGUDRK+bJAFj/K6Qh3ezJ7QmR3A5lEECM+/D4aitHX4IAFlAyMzGknijhxQfqg4EWgmPR/LPqdd9MMjyXDqStk= generated-by-azure",
                "username": "azureuser"
              }
            ],
            "admin_username": "azureuser",
            "allow_extension_operations": true,
            "availability_set_id": "",
            "boot_diagnostics": [],
            "computer_name": "studentVM1",
            "custom_data": null,
            "dedicated_host_group_id": "",
            "dedicated_host_id": "",
            "disable_password_authentication": true,
            "encryption_at_host_enabled": false,
            "eviction_policy": "",
            "extensions_time_budget": "PT1H30M",
            "id": "/subscriptions/d72a06ed-d984-410d-bd0d-af6a4ca4ceaa/resourceGroups/rg-open-arachnid/providers/Microsoft.Compute/virtualMachines/studentVM1",
            "identity": [],
            "license_type": "",
            "location": "eastus",
            "max_bid_price": -1,
            "name": "studentVM1",
            "network_interface_ids": [
              "/subscriptions/d72a06ed-d984-410d-bd0d-af6a4ca4ceaa/resourceGroups/rg-open-arachnid/providers/Microsoft.Network/networkInterfaces/NIC-1"
            ],
            "os_disk": [
              {
                "caching": "ReadWrite",
                "diff_disk_settings": [],
                "disk_encryption_set_id": "",
                "disk_size_gb": 30,
                "name": "myOsDisk1",
                "storage_account_type": "Standard_LRS",
                "write_accelerator_enabled": false
              }
            ],
            "patch_mode": "ImageDefault",
            "plan": [],
            "platform_fault_domain": -1,
            "priority": "Regular",
            "private_ip_address": "10.0.1.4",
            "private_ip_addresses": [
              "10.0.1.4"
            ],
            "provision_vm_agent": true,
            "proximity_placement_group_id": "",
            "public_ip_address": "52.170.5.32",
            "public_ip_addresses": [
              "52.170.5.32"
            ],
            "resource_group_name": "rg-open-arachnid",
            "secret": [],
            "secure_boot_enabled": false,
            "size": "Standard_B1s",
            "source_image_id": "",
            "source_image_reference": [
              {
                "offer": "0001-com-ubuntu-server-jammy",
                "publisher": "Canonical",
                "sku": "22_04-lts-gen2",
                "version": "latest"
              }
            ],
            "tags": {},
            "timeouts": null,
            "user_data": "",
            "virtual_machine_id": "08eee54f-5ecd-4fa1-8b73-5437714eac1a",
            "virtual_machine_scale_set_id": "",
            "vtpm_enabled": false,
            "zone": ""
          },
          "sensitive_attributes": [
            [
              {
                "type": "get_attr",
                "value": "custom_data"
              }
            ],
            [
              {
                "type": "get_attr",
                "value": "admin_password"
              }
            ]
          ],
          "private": "eyJlMmJmYjczMC1lY2FhLTExZTYtOGY4OC0zNDM2M2JjN2M0YzAiOnsiY3JlYXRlIjoyNzAwMDAwMDAwMDAwLCJkZWxldGUiOjI3MDAwMDAwMDAwMDAsInJlYWQiOjMwMDAwMDAwMDAwMCwidXBkYXRlIjoyNzAwMDAwMDAwMDAwfX0=",
          "dependencies": [
            "azapi_resource.ssh_public_key",
            "azapi_resource_action.ssh_public_key_gen",
            "azurerm_network_interface.student-nic",
            "azurerm_public_ip.student-pip",
            "azurerm_resource_group.student-rg",
            "azurerm_subnet.student-subnet",
            "azurerm_virtual_network.student-vnet",
            "random_pet.rg_name",
            "random_pet.ssh_key_name"
          ]
        }
      ]
    },
    {
      "mode": "managed",
      "type": "azurerm_network_interface",
      "name": "student-nic",
      "provider": "provider[\"registry.terraform.io/hashicorp/azurerm\"]",
      "instances": [
        {
          "index_key": 0,
          "schema_version": 0,
          "attributes": {
            "applied_dns_servers": [],
            "dns_servers": [],
            "enable_accelerated_networking": false,
            "enable_ip_forwarding": false,
            "id": "/subscriptions/d72a06ed-d984-410d-bd0d-af6a4ca4ceaa/resourceGroups/rg-open-arachnid/providers/Microsoft.Network/networkInterfaces/NIC-1",
            "internal_dns_name_label": "",
            "internal_domain_name_suffix": "xst1x3wmde4elflixrrlf5zjmh.bx.internal.cloudapp.net",
            "ip_configuration": [
              {
                "gateway_load_balancer_frontend_ip_configuration_id": "",
                "name": "nic_1_configuration",
                "primary": true,
                "private_ip_address": "10.0.1.4",
                "private_ip_address_allocation": "Dynamic",
                "private_ip_address_version": "IPv4",
                "public_ip_address_id": "/subscriptions/d72a06ed-d984-410d-bd0d-af6a4ca4ceaa/resourceGroups/rg-open-arachnid/providers/Microsoft.Network/publicIPAddresses/PublicIP-1",
                "subnet_id": "/subscriptions/d72a06ed-d984-410d-bd0d-af6a4ca4ceaa/resourceGroups/rg-open-arachnid/providers/Microsoft.Network/virtualNetworks/student-vnet/subnets/student-subnet"
              }
            ],
            "location": "eastus",
            "mac_address": "00-22-48-22-18-62",
            "name": "NIC-1",
            "private_ip_address": "10.0.1.4",
            "private_ip_addresses": [
              "10.0.1.4"
            ],
            "resource_group_name": "rg-open-arachnid",
            "tags": {},
            "timeouts": null,
            "virtual_machine_id": "/subscriptions/d72a06ed-d984-410d-bd0d-af6a4ca4ceaa/resourceGroups/rg-open-arachnid/providers/Microsoft.Compute/virtualMachines/studentVM1"
          },
          "sensitive_attributes": [],
          "private": "eyJlMmJmYjczMC1lY2FhLTExZTYtOGY4OC0zNDM2M2JjN2M0YzAiOnsiY3JlYXRlIjoxODAwMDAwMDAwMDAwLCJkZWxldGUiOjE4MDAwMDAwMDAwMDAsInJlYWQiOjMwMDAwMDAwMDAwMCwidXBkYXRlIjoxODAwMDAwMDAwMDAwfX0=",
          "dependencies": [
            "azurerm_public_ip.student-pip",
            "azurerm_resource_group.student-rg",
            "azurerm_subnet.student-subnet",
            "azurerm_virtual_network.student-vnet",
            "random_pet.rg_name"
          ]
        }
      ]
    },
    {
      "mode": "managed",
      "type": "azurerm_network_interface_security_group_association",
      "name": "nicNSG",
      "provider": "provider[\"registry.terraform.io/hashicorp/azurerm\"]",
      "instances": [
        {
          "index_key": 0,
          "schema_version": 0,
          "attributes": {
            "id": "/subscriptions/d72a06ed-d984-410d-bd0d-af6a4ca4ceaa/resourceGroups/rg-open-arachnid/providers/Microsoft.Network/networkInterfaces/NIC-1|/subscriptions/d72a06ed-d984-410d-bd0d-af6a4ca4ceaa/resourceGroups/rg-open-arachnid/providers/Microsoft.Network/networkSecurityGroups/NetworkSecurityGroup",
            "network_interface_id": "/subscriptions/d72a06ed-d984-410d-bd0d-af6a4ca4ceaa/resourceGroups/rg-open-arachnid/providers/Microsoft.Network/networkInterfaces/NIC-1",
            "network_security_group_id": "/subscriptions/d72a06ed-d984-410d-bd0d-af6a4ca4ceaa/resourceGroups/rg-open-arachnid/providers/Microsoft.Network/networkSecurityGroups/NetworkSecurityGroup",
            "timeouts": null
          },
          "sensitive_attributes": [],
          "private": "eyJlMmJmYjczMC1lY2FhLTExZTYtOGY4OC0zNDM2M2JjN2M0YzAiOnsiY3JlYXRlIjoxODAwMDAwMDAwMDAwLCJkZWxldGUiOjE4MDAwMDAwMDAwMDAsInJlYWQiOjMwMDAwMDAwMDAwMCwidXBkYXRlIjoxODAwMDAwMDAwMDAwfX0=",
          "dependencies": [
            "azurerm_network_interface.student-nic",
            "azurerm_network_security_group.student-nsg",
            "azurerm_public_ip.student-pip",
            "azurerm_resource_group.student-rg",
            "azurerm_subnet.student-subnet",
            "azurerm_virtual_network.student-vnet",
            "random_pet.rg_name"
          ]
        }
      ]
    },
    {
      "mode": "managed",
      "type": "azurerm_network_security_group",
      "name": "my_nsg",
      "provider": "provider[\"registry.terraform.io/hashicorp/azurerm\"]",
      "instances": [
        {
          "schema_version": 0,
          "attributes": {
            "id": "/subscriptions/d72a06ed-d984-410d-bd0d-af6a4ca4ceaa/resourceGroups/rg-open-arachnid/providers/Microsoft.Network/networkSecurityGroups/NSG",
            "location": "eastus",
            "name": "NSG",
            "resource_group_name": "rg-open-arachnid",
            "security_rule": [],
            "tags": {},
            "timeouts": null
          },
          "sensitive_attributes": [],
          "private": "eyJlMmJmYjczMC1lY2FhLTExZTYtOGY4OC0zNDM2M2JjN2M0YzAiOnsiY3JlYXRlIjoxODAwMDAwMDAwMDAwLCJkZWxldGUiOjE4MDAwMDAwMDAwMDAsInJlYWQiOjMwMDAwMDAwMDAwMCwidXBkYXRlIjoxODAwMDAwMDAwMDAwfX0=",
          "dependencies": [
            "azurerm_resource_group.student-rg",
            "random_pet.rg_name"
          ]
        }
      ]
    },
    {
      "mode": "managed",
      "type": "azurerm_network_security_group",
      "name": "student-nsg",
      "provider": "provider[\"registry.terraform.io/hashicorp/azurerm\"]",
      "instances": [
        {
          "schema_version": 0,
          "attributes": {
            "id": "/subscriptions/d72a06ed-d984-410d-bd0d-af6a4ca4ceaa/resourceGroups/rg-open-arachnid/providers/Microsoft.Network/networkSecurityGroups/NetworkSecurityGroup",
            "location": "eastus",
            "name": "NetworkSecurityGroup",
            "resource_group_name": "rg-open-arachnid",
            "security_rule": [
              {
                "access": "Allow",
                "description": "",
                "destination_address_prefix": "*",
                "destination_address_prefixes": [],
                "destination_application_security_group_ids": [],
                "destination_port_range": "22",
                "destination_port_ranges": [],
                "direction": "Inbound",
                "name": "SSH",
                "priority": 1001,
                "protocol": "Tcp",
                "source_address_prefix": "*",
                "source_address_prefixes": [],
                "source_application_security_group_ids": [],
                "source_port_range": "*",
                "source_port_ranges": []
              },
              {
                "access": "Allow",
                "description": "",
                "destination_address_prefix": "*",
                "destination_address_prefixes": [],
                "destination_application_security_group_ids": [],
                "destination_port_range": "80",
                "destination_port_ranges": [],
                "direction": "Inbound",
                "name": "HTTP",
                "priority": 200,
                "protocol": "*",
                "source_address_prefix": "*",
                "source_address_prefixes": [],
                "source_application_security_group_ids": [],
                "source_port_range": "*",
                "source_port_ranges": []
              }
            ],
            "tags": {},
            "timeouts": null
          },
          "sensitive_attributes": [],
          "private": "eyJlMmJmYjczMC1lY2FhLTExZTYtOGY4OC0zNDM2M2JjN2M0YzAiOnsiY3JlYXRlIjoxODAwMDAwMDAwMDAwLCJkZWxldGUiOjE4MDAwMDAwMDAwMDAsInJlYWQiOjMwMDAwMDAwMDAwMCwidXBkYXRlIjoxODAwMDAwMDAwMDAwfX0=",
          "dependencies": [
            "azurerm_resource_group.student-rg",
            "random_pet.rg_name"
          ]
        }
      ]
    },
    {
      "mode": "managed",
      "type": "azurerm_public_ip",
      "name": "student-pip",
      "provider": "provider[\"registry.terraform.io/hashicorp/azurerm\"]",
      "instances": [
        {
          "index_key": 0,
          "schema_version": 0,
          "attributes": {
            "allocation_method": "Dynamic",
            "availability_zone": "No-Zone",
            "domain_name_label": null,
            "fqdn": null,
            "id": "/subscriptions/d72a06ed-d984-410d-bd0d-af6a4ca4ceaa/resourceGroups/rg-open-arachnid/providers/Microsoft.Network/publicIPAddresses/PublicIP-1",
            "idle_timeout_in_minutes": 4,
            "ip_address": "52.170.5.32",
            "ip_tags": {},
            "ip_version": "IPv4",
            "location": "eastus",
            "name": "PublicIP-1",
            "public_ip_prefix_id": null,
            "resource_group_name": "rg-open-arachnid",
            "reverse_fqdn": null,
            "sku": "Basic",
            "sku_tier": "Regional",
            "tags": {},
            "timeouts": null,
            "zones": []
          },
          "sensitive_attributes": [],
          "private": "eyJlMmJmYjczMC1lY2FhLTExZTYtOGY4OC0zNDM2M2JjN2M0YzAiOnsiY3JlYXRlIjoxODAwMDAwMDAwMDAwLCJkZWxldGUiOjE4MDAwMDAwMDAwMDAsInJlYWQiOjMwMDAwMDAwMDAwMCwidXBkYXRlIjoxODAwMDAwMDAwMDAwfX0=",
          "dependencies": [
            "azurerm_resource_group.student-rg",
            "random_pet.rg_name"
          ]
        }
      ]
    },
    {
      "mode": "managed",
      "type": "azurerm_resource_group",
      "name": "student-rg",
      "provider": "provider[\"registry.terraform.io/hashicorp/azurerm\"]",
      "instances": [
        {
          "schema_version": 0,
          "attributes": {
            "id": "/subscriptions/d72a06ed-d984-410d-bd0d-af6a4ca4ceaa/resourceGroups/rg-open-arachnid",
            "location": "eastus",
            "name": "rg-open-arachnid",
            "tags": {},
            "timeouts": null
          },
          "sensitive_attributes": [],
          "private": "eyJlMmJmYjczMC1lY2FhLTExZTYtOGY4OC0zNDM2M2JjN2M0YzAiOnsiY3JlYXRlIjo1NDAwMDAwMDAwMDAwLCJkZWxldGUiOjU0MDAwMDAwMDAwMDAsInJlYWQiOjMwMDAwMDAwMDAwMCwidXBkYXRlIjo1NDAwMDAwMDAwMDAwfX0=",
          "dependencies": [
            "random_pet.rg_name"
          ]
        }
      ]
    },
    {
      "mode": "managed",
      "type": "azurerm_subnet",
      "name": "student-subnet",
      "provider": "provider[\"registry.terraform.io/hashicorp/azurerm\"]",
      "instances": [
        {
          "schema_version": 0,
          "attributes": {
            "address_prefix": "10.0.1.0/24",
            "address_prefixes": [
              "10.0.1.0/24"
            ],
            "delegation": [],
            "enforce_private_link_endpoint_network_policies": false,
            "enforce_private_link_service_network_policies": false,
            "id": "/subscriptions/d72a06ed-d984-410d-bd0d-af6a4ca4ceaa/resourceGroups/rg-open-arachnid/providers/Microsoft.Network/virtualNetworks/student-vnet/subnets/student-subnet",
            "name": "student-subnet",
            "resource_group_name": "rg-open-arachnid",
            "service_endpoint_policy_ids": [],
            "service_endpoints": [],
            "timeouts": null,
            "virtual_network_name": "student-vnet"
          },
          "sensitive_attributes": [],
          "private": "eyJlMmJmYjczMC1lY2FhLTExZTYtOGY4OC0zNDM2M2JjN2M0YzAiOnsiY3JlYXRlIjoxODAwMDAwMDAwMDAwLCJkZWxldGUiOjE4MDAwMDAwMDAwMDAsInJlYWQiOjMwMDAwMDAwMDAwMCwidXBkYXRlIjoxODAwMDAwMDAwMDAwfX0=",
          "dependencies": [
            "azurerm_resource_group.student-rg",
            "azurerm_virtual_network.student-vnet",
            "random_pet.rg_name"
          ]
        }
      ]
    },
    {
      "mode": "managed",
      "type": "azurerm_virtual_network",
      "name": "student-vnet",
      "provider": "provider[\"registry.terraform.io/hashicorp/azurerm\"]",
      "instances": [
        {
          "schema_version": 0,
          "attributes": {
            "address_space": [
              "10.0.0.0/16"
            ],
            "bgp_community": "",
            "ddos_protection_plan": [],
            "dns_servers": [],
            "flow_timeout_in_minutes": 0,
            "guid": "f6bba7bc-19cc-453c-9568-bc62b2ff2967",
            "id": "/subscriptions/d72a06ed-d984-410d-bd0d-af6a4ca4ceaa/resourceGroups/rg-open-arachnid/providers/Microsoft.Network/virtualNetworks/student-vnet",
            "location": "eastus",
            "name": "student-vnet",
            "resource_group_name": "rg-open-arachnid",
            "subnet": [
              {
                "address_prefix": "10.0.1.0/24",
                "id": "/subscriptions/d72a06ed-d984-410d-bd0d-af6a4ca4ceaa/resourceGroups/rg-open-arachnid/providers/Microsoft.Network/virtualNetworks/student-vnet/subnets/student-subnet",
                "name": "student-subnet",
                "security_group": ""
              }
            ],
            "tags": {},
            "timeouts": null,
            "vm_protection_enabled": false
          },
          "sensitive_attributes": [],
          "private": "eyJlMmJmYjczMC1lY2FhLTExZTYtOGY4OC0zNDM2M2JjN2M0YzAiOnsiY3JlYXRlIjoxODAwMDAwMDAwMDAwLCJkZWxldGUiOjE4MDAwMDAwMDAwMDAsInJlYWQiOjMwMDAwMDAwMDAwMCwidXBkYXRlIjoxODAwMDAwMDAwMDAwfX0=",
          "dependencies": [
            "azurerm_resource_group.student-rg",
            "random_pet.rg_name"
          ]
        }
      ]
    },
    {
      "mode": "managed",
      "type": "local_file",
      "name": "hosts_cfg",
      "provider": "provider[\"registry.terraform.io/hashicorp/local\"]",
      "instances": [
        {
          "schema_version": 0,
          "attributes": {
            "content": "myhosts:\n  hosts:\n    studentVM1:\n      ansible_host: 52.170.5.32\n  vars:\n    ansible_user: azureuser",
            "content_base64": null,
            "content_base64sha256": "M3/9jDhC6xtND2eG+6x+b0CPj5Y0qs24IY7Tx0qkh3w=",
            "content_base64sha512": "fFqyCrf+4CRf4k/am4ft6zeofuaWwuR9W4ftW/4bmMGa0tMmluyIL65yZNdECZkvFPWYjxrf10Sa5LTNJUlzag==",
            "content_md5": "a1db01691ce21b6b548897120f09c8a1",
            "content_sha1": "0ab3efac944d8a4c4c4dfb109447c5474e1b8c75",
            "content_sha256": "337ffd8c3842eb1b4d0f6786fbac7e6f408f8f9634aacdb8218ed3c74aa4877c",
            "content_sha512": "7c5ab20ab7fee0245fe24fda9b87edeb37a87ee696c2e47d5b87ed5bfe1b98c19ad2d32696ec882fae7264d74409992f14f5988f1adfd7449ae4b4cd2549736a",
            "directory_permission": "0777",
            "file_permission": "0777",
            "filename": "./ansible/inventory.yml",
            "id": "0ab3efac944d8a4c4c4dfb109447c5474e1b8c75",
            "sensitive_content": null,
            "source": null
          },
          "sensitive_attributes": [
            [
              {
                "type": "get_attr",
                "value": "content"
              }
            ],
            [
              {
                "type": "get_attr",
                "value": "sensitive_content"
              }
            ]
          ],
          "dependencies": [
            "azapi_resource.ssh_public_key",
            "azapi_resource_action.ssh_public_key_gen",
            "azurerm_linux_virtual_machine.student-vm",
            "azurerm_network_interface.student-nic",
            "azurerm_public_ip.student-pip",
            "azurerm_resource_group.student-rg",
            "azurerm_subnet.student-subnet",
            "azurerm_virtual_network.student-vnet",
            "random_pet.rg_name",
            "random_pet.ssh_key_name"
          ]
        }
      ]
    },
    {
      "mode": "managed",
      "type": "local_file",
      "name": "private_key",
      "provider": "provider[\"registry.terraform.io/hashicorp/local\"]",
      "instances": [
        {
          "schema_version": 0,
          "attributes": {
            "content": "-----BEGIN RSA PRIVATE KEY-----\r\nMIIG4wIBAAKCAYEAvW8aNYjr9qjG7Z63czalkhruFW8ZVnbmt5OQd0dkTeHtYgxj\r\n6ZEiv2+uWIf+CA2kbsaPWVVNodrXWPN0Ows2sBRmPseWnC6GXZ0QqcwMhxBl8hYD\r\nbc7vHX4SaLWny4IlKir0oDw+WU2cYqILd++aTKMAh3uKb5OvlEjVngi1vAqPQGgP\r\n96d6Y0PyZAmyENE3w0Acue/5kMvQ4yTQ+k7b3/8Lpcfis3CtlZ3BvY/ozzJrM9T6\r\nRAzRG50Ezn1mK/PlmhnClvQ8OmWePx78z4pJpw0ztGi/3VYXRjpwNctNqItE4oG8\r\nXn9xQ8PwvBco2GOYs4NDtgKyvlOwgBY2ZJ5u3chRhOCmBo7OVTUIT0T6TyM/EWgI\r\nv+VYPS6XtUNMD+3d32rMoXqUFV+kD4t4gYoVXf4TaR+agODaFdcyCoYkCuSxlA0S\r\nvmyQBY/yukId3sye0JkdwOZRBAjPvw+GorR1+CABZQMjMxpJ4o4cUH6oOBFoJj0f\r\nyz6nXfTDI8lw6krZAgMBAAECggGAaflYiTBzCQc8WjxbVmnw0D6eiIEhhJx5z6MO\r\nw5u9wlAs05go4MZf0QayWzag53JyVcJg+VHeXzilFk8D6/AHBRQ0atSPLgpdAsvW\r\nQZc0Pu7uiTLFck28uRwJQmi1WQUSs3daaLWrD5x6azdKASuaf1sE9cYoGOle5S6l\r\nyoYG3Q5vO1G79QjNT/D4Dfzaj8vrTSB1sZNNYzKSRjAXdKBfIv10T6b17PqRMU0S\r\n0HBMhnUnQdTYuO8OoEsEIFxIpzgGeNyMjdBH5qKQqXISQLk/AwzK99KfDsybMayp\r\noAERM+J+vGegssk31luhy3BW99iOtVTeEnVQieFOU6OZaFwzkQ3z5DW6Ah9nfHGX\r\nUwG7hJGpk5LBOujiq3mCOHlLQ9uF3Ex9BOgAgF1RpGEJmiZXzRkh5ywJFPFkIJuR\r\nszJtQICUdv/n6MVItiVMh8wXavd02kWJKy6UR7iLAs8bPMmkLtuc3GLG401fWg6g\r\nGmZzFkY+67DnJ1lI1iqDVTU/MBv9AoHBAON2f4w9G8Nj4lZgt8YqnR9iV27IJOGX\r\nHYrE4KwoCR56pYEwykGv4AEF/DsXpNheoJwfZu2zJqAAY4oalR3mVv1zRuAOyTM5\r\nNWPlHB6QGYkNPiQupgjxfdv+7UoDZif/fyGMbSiKzVson0puESCusklnQUC7pV5y\r\nEpmrhIWaymN3gxLaWF7e3qbQvbb5+jEbfPsWM/UMgvQcQ+DlHq1pUGJLtBniP3tc\r\nOx9sAgbLqiZA6KHyazzm5QPczRad+aYpgwKBwQDVMzevjYGLGy7nddeWTGISxHqq\r\ng304kOlyc3a+vCbn5enFxzGmiqG1HozXSX/hDFwWuQS0yrnWr5SC13z3qnFluPnJ\r\nchwduSSWR9TdTpZk1tTvZoBCkTFqCCPKBtTv+focY3bnKZh8kxN6LkRIbPAcNuqC\r\nuw5B+8F5HUjhwEIKJX/XCBmzaYNYaB3NYSDX2m2TRcOo5ejNmvUgdr0W+mFYW03K\r\nC5O0XG43m9WyzZs9sLSSA4FzANGOhBFlnP+zt3MCgcEAlkChcmavXzssuLg8zPc7\r\nQQ76CGDHFAl5Z0Az1STBGVQU3aj4AboGs0Zb3kD5EEA5wcdwe1XbDtgS6Jg0pkKQ\r\nde1fBQRfXanNncYq8/lmFMUdplL2NHQpGlhkMH7cTVGVjfiv5pcBndTQnB7my3r6\r\npEhDr1oEm8Woib/l00dzp467k4mN1GVOGE1M9IBeB3BL96QsABQasNu27ukKgaxO\r\ngA/X0T1Fh9xd5Zy4HfsM0yYPRWLX+avf3dRN2UHTNjK3AoHAE3hO8JBKsUp1ORwQ\r\n6R/moPIihanmaKELQLF8uaRzJSBg/ffX9+6XH/Q/RnXm4MWBL24MGPqeiBWWyXAm\r\ncHO3UWPYI+Zw3OIIjlTXArLnlyPrZEWHFw0tZxKBOjTvg07f4XHP7QJmc5H26GSL\r\nRdX1A46cUf4FKk90drwO6Nbm8QhFqXyK5FCRdyRi/FuPZUcEVLu9R5JfdU9ebW2K\r\njSumciw8aWQvQ/xg8GEh3eda8wJNKzx4uOjtOkejUxVIYMAzAoHARAPiz3gvqU9N\r\n8Cn9un8eF2r8ESeQNhC3CjdeaeFyImJ4K0WphFZvOxfS9Dl22fsouflYMBXk9Z3r\r\nwwY3T3QC1xQQ9XJVpnjSfFMAnX/oJs2qyNAVC4idMf5ImueXMEp1fK8AY18jgD80\r\nhaFefTaYJZHGQ5iIqBuEAn1xvOOj1qrIsXeUcP7ansNAn4dMqrRrrnJ7/njYuPdM\r\nZAAfLd+lwrDcOpSprD9JnYyPFTXG5BZ/Px53A8Hx1hIyiHsuvdoS\r\n-----END RSA PRIVATE KEY-----\r\n",
            "content_base64": null,
            "content_base64sha256": "mgH094Ehibun7QYVRUffjs1S32UP9uczU6rNMT6U3HY=",
            "content_base64sha512": "yFWyV5B9WptsjXwUNWqVsznfrbtxFG+yPxsfuEgfU2bWany0Inbj5cQQQGZWBDmoRN7wVZ7zbhwAbmpJr3XCAA==",
            "content_md5": "0792e44a5c74a23b8d5251164073ef91",
            "content_sha1": "28d03e0246d828a6cc6a9f1c760074331956aae8",
            "content_sha256": "9a01f4f7812189bba7ed06154547df8ecd52df650ff6e73353aacd313e94dc76",
            "content_sha512": "c855b257907d5a9b6c8d7c14356a95b339dfadbb71146fb23f1b1fb8481f5366d66a7cb42276e3e5c4104066560439a844def0559ef36e1c006e6a49af75c200",
            "directory_permission": "0777",
            "file_permission": "0600",
            "filename": "private_key.pem",
            "id": "28d03e0246d828a6cc6a9f1c760074331956aae8",
            "sensitive_content": null,
            "source": null
          },
          "sensitive_attributes": [
            [
              {
                "type": "get_attr",
                "value": "sensitive_content"
              }
            ]
          ],
          "dependencies": [
            "azapi_resource.ssh_public_key",
            "azapi_resource_action.ssh_public_key_gen",
            "azurerm_resource_group.student-rg",
            "random_pet.rg_name",
            "random_pet.ssh_key_name"
          ]
        }
      ]
    },
    {
      "mode": "managed",
      "type": "random_pet",
      "name": "rg_name",
      "provider": "provider[\"registry.terraform.io/hashicorp/random\"]",
      "instances": [
        {
          "schema_version": 0,
          "attributes": {
            "id": "rg-open-arachnid",
            "keepers": null,
            "length": 2,
            "prefix": "rg",
            "separator": "-"
          },
          "sensitive_attributes": []
        }
      ]
    },
    {
      "mode": "managed",
      "type": "random_pet",
      "name": "ssh_key_name",
      "provider": "provider[\"registry.terraform.io/hashicorp/random\"]",
      "instances": [
        {
          "schema_version": 0,
          "attributes": {
            "id": "sshgamebat",
            "keepers": null,
            "length": 2,
            "prefix": "ssh",
            "separator": ""
          },
          "sensitive_attributes": []
        }
      ]
    }
  ],
  "check_results": null
}
